// !$*UTF8*$!
{
	archiveVersion = 1;
	classes = {
	};
	objectVersion = 50;
	objects = {

/* Begin PBXBuildFile section */
		7F459A2F21284AB50089F28F /* AppDelegate.swift in Sources */ = {isa = PBXBuildFile; fileRef = 7F459A2E21284AB50089F28F /* AppDelegate.swift */; };
		7F459A3121284AB50089F28F /* ViewController.swift in Sources */ = {isa = PBXBuildFile; fileRef = 7F459A3021284AB50089F28F /* ViewController.swift */; };
		7F459A3421284AB50089F28F /* Main.storyboard in Resources */ = {isa = PBXBuildFile; fileRef = 7F459A3221284AB50089F28F /* Main.storyboard */; };
		7F459A3721284AB50089F28F /* WorldAtlas.xcdatamodeld in Sources */ = {isa = PBXBuildFile; fileRef = 7F459A3521284AB50089F28F /* WorldAtlas.xcdatamodeld */; };
		7F459A3921284AB60089F28F /* Assets.xcassets in Resources */ = {isa = PBXBuildFile; fileRef = 7F459A3821284AB60089F28F /* Assets.xcassets */; };
		7F459A3C21284AB60089F28F /* LaunchScreen.storyboard in Resources */ = {isa = PBXBuildFile; fileRef = 7F459A3A21284AB60089F28F /* LaunchScreen.storyboard */; };
		7F459A44212851960089F28F /* OnBoardViewController.swift in Sources */ = {isa = PBXBuildFile; fileRef = 7F459A43212851960089F28F /* OnBoardViewController.swift */; };
		7F459A46212856040089F28F /* CountriesViewController.swift in Sources */ = {isa = PBXBuildFile; fileRef = 7F459A45212856040089F28F /* CountriesViewController.swift */; };
/* End PBXBuildFile section */

/* Begin PBXFileReference section */
		7F459A2B21284AB50089F28F /* WorldAtlas.app */ = {isa = PBXFileReference; explicitFileType = wrapper.application; includeInIndex = 0; path = WorldAtlas.app; sourceTree = BUILT_PRODUCTS_DIR; };
		7F459A2E21284AB50089F28F /* AppDelegate.swift */ = {isa = PBXFileReference; lastKnownFileType = sourcecode.swift; path = AppDelegate.swift; sourceTree = "<group>"; };
		7F459A3021284AB50089F28F /* ViewController.swift */ = {isa = PBXFileReference; lastKnownFileType = sourcecode.swift; path = ViewController.swift; sourceTree = "<group>"; };
		7F459A3321284AB50089F28F /* Base */ = {isa = PBXFileReference; lastKnownFileType = file.storyboard; name = Base; path = Base.lproj/Main.storyboard; sourceTree = "<group>"; };
		7F459A3621284AB50089F28F /* WorldAtlas.xcdatamodel */ = {isa = PBXFileReference; lastKnownFileType = wrapper.xcdatamodel; path = WorldAtlas.xcdatamodel; sourceTree = "<group>"; };
		7F459A3821284AB60089F28F /* Assets.xcassets */ = {isa = PBXFileReference; lastKnownFileType = folder.assetcatalog; path = Assets.xcassets; sourceTree = "<group>"; };
		7F459A3B21284AB60089F28F /* Base */ = {isa = PBXFileReference; lastKnownFileType = file.storyboard; name = Base; path = Base.lproj/LaunchScreen.storyboard; sourceTree = "<group>"; };
		7F459A3D21284AB60089F28F /* Info.plist */ = {isa = PBXFileReference; lastKnownFileType = text.plist.xml; path = Info.plist; sourceTree = "<group>"; };
		7F459A43212851960089F28F /* OnBoardViewController.swift */ = {isa = PBXFileReference; lastKnownFileType = sourcecode.swift; path = OnBoardViewController.swift; sourceTree = "<group>"; };
		7F459A45212856040089F28F /* CountriesViewController.swift */ = {isa = PBXFileReference; lastKnownFileType = sourcecode.swift; path = CountriesViewController.swift; sourceTree = "<group>"; };
/* End PBXFileReference section */

/* Begin PBXFrameworksBuildPhase section */
		7F459A2821284AB50089F28F /* Frameworks */ = {
			isa = PBXFrameworksBuildPhase;
			buildActionMask = 2147483647;
			files = (
			);
			runOnlyForDeploymentPostprocessing = 0;
		};
/* End PBXFrameworksBuildPhase section */

/* Begin PBXGroup section */
		7F459A2221284AB50089F28F = {
			isa = PBXGroup;
			children = (
				7F459A2D21284AB50089F28F /* WorldAtlas */,
				7F459A2C21284AB50089F28F /* Products */,
			);
			sourceTree = "<group>";
		};
		7F459A2C21284AB50089F28F /* Products */ = {
			isa = PBXGroup;
			children = (
				7F459A2B21284AB50089F28F /* WorldAtlas.app */,
			);
			name = Products;
			sourceTree = "<group>";
		};
		7F459A2D21284AB50089F28F /* WorldAtlas */ = {
			isa = PBXGroup;
			children = (
				7F459A2E21284AB50089F28F /* AppDelegate.swift */,
				7F459A3021284AB50089F28F /* ViewController.swift */,
				7F459A3221284AB50089F28F /* Main.storyboard */,
				7F459A3821284AB60089F28F /* Assets.xcassets */,
				7F459A3A21284AB60089F28F /* LaunchScreen.storyboard */,
				7F459A3D21284AB60089F28F /* Info.plist */,
				7F459A3521284AB50089F28F /* WorldAtlas.xcdatamodeld */,
				7F459A43212851960089F28F /* OnBoardViewController.swift */,
				7F459A45212856040089F28F /* CountriesViewController.swift */,
			);
			path = WorldAtlas;
			sourceTree = "<group>";
		};
/* End PBXGroup section */

/* Begin PBXNativeTarget section */
		7F459A2A21284AB50089F28F /* WorldAtlas */ = {
			isa = PBXNativeTarget;
			buildConfigurationList = 7F459A4021284AB60089F28F /* Build configuration list for PBXNativeTarget "WorldAtlas" */;
			buildPhases = (
				7F459A2721284AB50089F28F /* Sources */,
				7F459A2821284AB50089F28F /* Frameworks */,
				7F459A2921284AB50089F28F /* Resources */,
			);
			buildRules = (
			);
			dependencies = (
			);
			name = WorldAtlas;
			productName = WorldAtlas;
			productReference = 7F459A2B21284AB50089F28F /* WorldAtlas.app */;
			productType = "com.apple.product-type.application";
		};
/* End PBXNativeTarget section */

/* Begin PBXProject section */
		7F459A2321284AB50089F28F /* Project object */ = {
			isa = PBXProject;
			attributes = {
				LastSwiftUpdateCheck = 0940;
				LastUpgradeCheck = 0940;
				ORGANIZATIONNAME = upc;
				TargetAttributes = {
					7F459A2A21284AB50089F28F = {
						CreatedOnToolsVersion = 9.4.1;
					};
				};
			};
			buildConfigurationList = 7F459A2621284AB50089F28F /* Build configuration list for PBXProject "WorldAtlas" */;
			compatibilityVersion = "Xcode 9.3";
			developmentRegion = en;
			hasScannedForEncodings = 0;
			knownRegions = (
				en,
				Base,
			);
			mainGroup = 7F459A2221284AB50089F28F;
			productRefGroup = 7F459A2C21284AB50089F28F /* Products */;
			projectDirPath = "";
			projectRoot = "";
			targets = (
				7F459A2A21284AB50089F28F /* WorldAtlas */,
			);
		};
/* End PBXProject section */

/* Begin PBXResourcesBuildPhase section */
		7F459A2921284AB50089F28F /* Resources */ = {
			isa = PBXResourcesBuildPhase;
			buildActionMask = 2147483647;
			files = (
				7F459A3C21284AB60089F28F /* LaunchScreen.storyboard in Resources */,
				7F459A3921284AB60089F28F /* Assets.xcassets in Resources */,
				7F459A3421284AB50089F28F /* Main.storyboard in Resources */,
			);
			runOnlyForDeploymentPostprocessing = 0;
		};
/* End PBXResourcesBuildPhase section */

/* Begin PBXSourcesBuildPhase section */
		7F459A2721284AB50089F28F /* Sources */ = {
			isa = PBXSourcesBuildPhase;
			buildActionMask = 2147483647;
			files = (
				7F459A3121284AB50089F28F /* ViewController.swift in Sources */,
				7F459A2F21284AB50089F28F /* AppDelegate.swift in Sources */,
				7F459A44212851960089F28F /* OnBoardViewController.swift in Sources */,
				7F459A46212856040089F28F /* CountriesViewController.swift in Sources */,
				7F459A3721284AB50089F28F /* WorldAtlas.xcdatamodeld in Sources */,
			);
			runOnlyForDeploymentPostprocessing = 0;
		};
/* End PBXSourcesBuildPhase section */

/* Begin PBXVariantGroup section */
		7F459A3221284AB50089F28F /* Main.storyboard */ = {
			isa = PBXVariantGroup;
			children = (
				7F459A3321284AB50089F28F /* Base */,
			);
			name = Main.storyboard;
			sourceTree = "<group>";
		};
		7F459A3A21284AB60089F28F /* LaunchScreen.storyboard */ = {
			isa = PBXVariantGroup;
			children = (
				7F459A3B21284AB60089F28F /* Base */,
			);
			name = LaunchScreen.storyboard;
			sourceTree = "<group>";
		};
/* End PBXVariantGroup section */

/* Begin XCBuildConfiguration section */
		7F459A3E21284AB60089F28F /* Debug */ = {
			isa = XCBuildConfiguration;
			buildSettings = {
				ALWAYS_SEARCH_USER_PATHS = NO;
				CLANG_ANALYZER_NONNULL = YES;
				CLANG_ANALYZER_NUMBER_OBJECT_CONVERSION = YES_AGGRESSIVE;
				CLANG_CXX_LANGUAGE_STANDARD = "gnu++14";
				CLANG_CXX_LIBRARY = "libc++";
				CLANG_ENABLE_MODULES = YES;
				CLANG_ENABLE_OBJC_ARC = YES;
				CLANG_ENABLE_OBJC_WEAK = YES;
				CLANG_WARN_BLOCK_CAPTURE_AUTORELEASING = YES;
				CLANG_WARN_BOOL_CONVERSION = YES;
				CLANG_WARN_COMMA = YES;
				CLANG_WARN_CONSTANT_CONVERSION = YES;
				CLANG_WARN_DEPRECATED_OBJC_IMPLEMENTATIONS = YES;
				CLANG_WARN_DIRECT_OBJC_ISA_USAGE = YES_ERROR;
				CLANG_WARN_DOCUMENTATION_COMMENTS = YES;
				CLANG_WARN_EMPTY_BODY = YES;
				CLANG_WARN_ENUM_CONVERSION = YES;
				CLANG_WARN_INFINITE_RECURSION = YES;
				CLANG_WARN_INT_CONVERSION = YES;
				CLANG_WARN_NON_LITERAL_NULL_CONVERSION = YES;
				CLANG_WARN_OBJC_IMPLICIT_RETAIN_SELF = YES;
				CLANG_WARN_OBJC_LITERAL_CONVERSION = YES;
				CLANG_WARN_OBJC_ROOT_CLASS = YES_ERROR;
				CLANG_WARN_RANGE_LOOP_ANALYSIS = YES;
				CLANG_WARN_STRICT_PROTOTYPES = YES;
				CLANG_WARN_SUSPICIOUS_MOVE = YES;
				CLANG_WARN_UNGUARDED_AVAILABILITY = YES_AGGRESSIVE;
				CLANG_WARN_UNREACHABLE_CODE = YES;
				CLANG_WARN__DUPLICATE_METHOD_MATCH = YES;
				CODE_SIGN_IDENTITY = "iPhone Developer";
				COPY_PHASE_STRIP = NO;
				DEBUG_INFORMATION_FORMAT = dwarf;
				ENABLE_STRICT_OBJC_MSGSEND = YES;
				ENABLE_TESTABILITY = YES;
				GCC_C_LANGUAGE_STANDARD = gnu11;
				GCC_DYNAMIC_NO_PIC = NO;
				GCC_NO_COMMON_BLOCKS = YES;
				GCC_OPTIMIZATION_LEVEL = 0;
				GCC_PREPROCESSOR_DEFINITIONS = (
					"DEBUG=1",
					"$(inherited)",
				);
				GCC_WARN_64_TO_32_BIT_CONVERSION = YES;
				GCC_WARN_ABOUT_RETURN_TYPE = YES_ERROR;
				GCC_WARN_UNDECLARED_SELECTOR = YES;
				GCC_WARN_UNINITIALIZED_AUTOS = YES_AGGRESSIVE;
				GCC_WARN_UNUSED_FUNCTION = YES;
				GCC_WARN_UNUSED_VARIABLE = YES;
				IPHONEOS_DEPLOYMENT_TARGET = 11.4;
				MTL_ENABLE_DEBUG_INFO = YES;
				ONLY_ACTIVE_ARCH = YES;
				SDKROOT = iphoneos;
				SWIFT_ACTIVE_COMPILATION_CONDITIONS = DEBUG;
				SWIFT_OPTIMIZATION_LEVEL = "-Onone";
			};
			name = Debug;
		};
		7F459A3F21284AB60089F28F /* Release */ = {
			isa = XCBuildConfiguration;
			buildSettings = {
				ALWAYS_SEARCH_USER_PATHS = NO;
				CLANG_ANALYZER_NONNULL = YES;
				CLANG_ANALYZER_NUMBER_OBJECT_CONVERSION = YES_AGGRESSIVE;
				CLANG_CXX_LANGUAGE_STANDARD = "gnu++14";
				CLANG_CXX_LIBRARY = "libc++";
				CLANG_ENABLE_MODULES = YES;
				CLANG_ENABLE_OBJC_ARC = YES;
				CLANG_ENABLE_OBJC_WEAK = YES;
				CLANG_WARN_BLOCK_CAPTURE_AUTORELEASING = YES;
				CLANG_WARN_BOOL_CONVERSION = YES;
				CLANG_WARN_COMMA = YES;
				CLANG_WARN_CONSTANT_CONVERSION = YES;
				CLANG_WARN_DEPRECATED_OBJC_IMPLEMENTATIONS = YES;
				CLANG_WARN_DIRECT_OBJC_ISA_USAGE = YES_ERROR;
				CLANG_WARN_DOCUMENTATION_COMMENTS = YES;
				CLANG_WARN_EMPTY_BODY = YES;
				CLANG_WARN_ENUM_CONVERSION = YES;
				CLANG_WARN_INFINITE_RECURSION = YES;
				CLANG_WARN_INT_CONVERSION = YES;
				CLANG_WARN_NON_LITERAL_NULL_CONVERSION = YES;
				CLANG_WARN_OBJC_IMPLICIT_RETAIN_SELF = YES;
				CLANG_WARN_OBJC_LITERAL_CONVERSION = YES;
				CLANG_WARN_OBJC_ROOT_CLASS = YES_ERROR;
				CLANG_WARN_RANGE_LOOP_ANALYSIS = YES;
				CLANG_WARN_STRICT_PROTOTYPES = YES;
				CLANG_WARN_SUSPICIOUS_MOVE = YES;
				CLANG_WARN_UNGUARDED_AVAILABILITY = YES_AGGRESSIVE;
				CLANG_WARN_UNREACHABLE_CODE = YES;
				CLANG_WARN__DUPLICATE_METHOD_MATCH = YES;
				CODE_SIGN_IDENTITY = "iPhone Developer";
				COPY_PHASE_STRIP = NO;
				DEBUG_INFORMATION_FORMAT = "dwarf-with-dsym";
				ENABLE_NS_ASSERTIONS = NO;
				ENABLE_STRICT_OBJC_MSGSEND = YES;
				GCC_C_LANGUAGE_STANDARD = gnu11;
				GCC_NO_COMMON_BLOCKS = YES;
				GCC_WARN_64_TO_32_BIT_CONVERSION = YES;
				GCC_WARN_ABOUT_RETURN_TYPE = YES_ERROR;
				GCC_WARN_UNDECLARED_SELECTOR = YES;
				GCC_WARN_UNINITIALIZED_AUTOS = YES_AGGRESSIVE;
				GCC_WARN_UNUSED_FUNCTION = YES;
				GCC_WARN_UNUSED_VARIABLE = YES;
				IPHONEOS_DEPLOYMENT_TARGET = 11.4;
				MTL_ENABLE_DEBUG_INFO = NO;
				SDKROOT = iphoneos;
				SWIFT_COMPILATION_MODE = wholemodule;
				SWIFT_OPTIMIZATION_LEVEL = "-O";
				VALIDATE_PRODUCT = YES;
			};
			name = Release;
		};
		7F459A4121284AB60089F28F /* Debug */ = {
			isa = XCBuildConfiguration;
			buildSettings = {
				ASSETCATALOG_COMPILER_APPICON_NAME = AppIcon;
				CODE_SIGN_STYLE = Automatic;
				INFOPLIST_FILE = WorldAtlas/Info.plist;
				LD_RUNPATH_SEARCH_PATHS = (
					"$(inherited)",
					"@executable_path/Frameworks",
				);
				PRODUCT_BUNDLE_IDENTIFIER = upc.edu.pe.WorldAtlas;
				PRODUCT_NAME = "$(TARGET_NAME)";
				SWIFT_VERSION = 4.0;
				TARGETED_DEVICE_FAMILY = "1,2";
			};
			name = Debug;
		};
		7F459A4221284AB60089F28F /* Release */ = {
			isa = XCBuildConfiguration;
			buildSettings = {
				ASSETCATALOG_COMPILER_APPICON_NAME = AppIcon;
				CODE_SIGN_STYLE = Automatic;
				INFOPLIST_FILE = WorldAtlas/Info.plist;
				LD_RUNPATH_SEARCH_PATHS = (
					"$(inherited)",
					"@executable_path/Frameworks",
				);
				PRODUCT_BUNDLE_IDENTIFIER = upc.edu.pe.WorldAtlas;
				PRODUCT_NAME = "$(TARGET_NAME)";
				SWIFT_VERSION = 4.0;
				TARGETED_DEVICE_FAMILY = "1,2";
			};
			name = Release;
		};
/* End XCBuildConfiguration section */

/* Begin XCConfigurationList section */
		7F459A2621284AB50089F28F /* Build configuration list for PBXProject "WorldAtlas" */ = {
			isa = XCConfigurationList;
			buildConfigurations = (
				7F459A3E21284AB60089F28F /* Debug */,
				7F459A3F21284AB60089F28F /* Release */,
			);
			defaultConfigurationIsVisible = 0;
			defaultConfigurationName = Release;
		};
		7F459A4021284AB60089F28F /* Build configuration list for PBXNativeTarget "WorldAtlas" */ = {
			isa = XCConfigurationList;
			buildConfigurations = (
				7F459A4121284AB60089F28F /* Debug */,
				7F459A4221284AB60089F28F /* Release */,
			);
			defaultConfigurationIsVisible = 0;
			defaultConfigurationName = Release;
		};
/* End XCConfigurationList section */

/* Begin XCVersionGroup section */
		7F459A3521284AB50089F28F /* WorldAtlas.xcdatamodeld */ = {
			isa = XCVersionGroup;
			children = (
				7F459A3621284AB50089F28F /* WorldAtlas.xcdatamodel */,
			);
			currentVersion = 7F459A3621284AB50089F28F /* WorldAtlas.xcdatamodel */;
			path = WorldAtlas.xcdatamodeld;
			sourceTree = "<group>";
			versionGroupType = wrapper.xcdatamodel;
		};
/* End XCVersionGroup section */
	};
	rootObject = 7F459A2321284AB50089F28F /* Project object */;
}
